// !$*UTF8*$!
{
	archiveVersion = 1;
	classes = {
	};
	objectVersion = 46;
	objects = {

/* Begin PBXBuildFile section */
		12042D32A7B32E446EB8FA34 /* libPods-EDTests.a in Frameworks */ = {isa = PBXBuildFile; fileRef = C5D239857720BA03186F0829 /* libPods-EDTests.a */; };
		308082FB761AEF87294370B2 /* libPods-ED.a in Frameworks */ = {isa = PBXBuildFile; fileRef = B52A455460D7757C7F326499 /* libPods-ED.a */; };
		32425FAE1C8D18A000C304D7 /* main.m in Sources */ = {isa = PBXBuildFile; fileRef = 32425FAD1C8D18A000C304D7 /* main.m */; };
		32425FB11C8D18A000C304D7 /* AppDelegate.m in Sources */ = {isa = PBXBuildFile; fileRef = 32425FB01C8D18A000C304D7 /* AppDelegate.m */; };
		32425FB41C8D18A000C304D7 /* ViewController.m in Sources */ = {isa = PBXBuildFile; fileRef = 32425FB31C8D18A000C304D7 /* ViewController.m */; };
		32425FB71C8D18A000C304D7 /* Main.storyboard in Resources */ = {isa = PBXBuildFile; fileRef = 32425FB51C8D18A000C304D7 /* Main.storyboard */; };
		32425FBA1C8D18A000C304D7 /* ED.xcdatamodeld in Sources */ = {isa = PBXBuildFile; fileRef = 32425FB81C8D18A000C304D7 /* ED.xcdatamodeld */; };
		32425FBC1C8D18A000C304D7 /* Assets.xcassets in Resources */ = {isa = PBXBuildFile; fileRef = 32425FBB1C8D18A000C304D7 /* Assets.xcassets */; };
		32425FBF1C8D18A000C304D7 /* LaunchScreen.storyboard in Resources */ = {isa = PBXBuildFile; fileRef = 32425FBD1C8D18A000C304D7 /* LaunchScreen.storyboard */; };
		32425FCA1C8D18A000C304D7 /* EDTests.m in Sources */ = {isa = PBXBuildFile; fileRef = 32425FC91C8D18A000C304D7 /* EDTests.m */; };
		32425FD51C8D18A000C304D7 /* EDUITests.m in Sources */ = {isa = PBXBuildFile; fileRef = 32425FD41C8D18A000C304D7 /* EDUITests.m */; };
		32425FE31C8D1D0E00C304D7 /* LogoAdobe-2.png in Resources */ = {isa = PBXBuildFile; fileRef = 32425FE21C8D1D0E00C304D7 /* LogoAdobe-2.png */; };
		32425FED1C8D2E3400C304D7 /* UserProfileViewController.m in Sources */ = {isa = PBXBuildFile; fileRef = 32425FEB1C8D2E3400C304D7 /* UserProfileViewController.m */; };
		32425FEE1C8D2E3400C304D7 /* UserProfileViewController.xib in Resources */ = {isa = PBXBuildFile; fileRef = 32425FEC1C8D2E3400C304D7 /* UserProfileViewController.xib */; };
		32425FF21C8D2E4900C304D7 /* FeedViewController.m in Sources */ = {isa = PBXBuildFile; fileRef = 32425FF01C8D2E4900C304D7 /* FeedViewController.m */; };
		32425FF31C8D2E4900C304D7 /* FeedViewController.xib in Resources */ = {isa = PBXBuildFile; fileRef = 32425FF11C8D2E4900C304D7 /* FeedViewController.xib */; };
		32425FF71C8D2E6D00C304D7 /* SupportViewController.m in Sources */ = {isa = PBXBuildFile; fileRef = 32425FF51C8D2E6D00C304D7 /* SupportViewController.m */; };
		32425FF81C8D2E6D00C304D7 /* SupportViewController.xib in Resources */ = {isa = PBXBuildFile; fileRef = 32425FF61C8D2E6D00C304D7 /* SupportViewController.xib */; };
		32425FFA1C8D30CE00C304D7 /* TableCell.xib in Resources */ = {isa = PBXBuildFile; fileRef = 32425FF91C8D30CE00C304D7 /* TableCell.xib */; };
		32983F911C938D5C0065100A /* Accounts.framework in Frameworks */ = {isa = PBXBuildFile; fileRef = 32983F8F1C938D5C0065100A /* Accounts.framework */; };
		32983F921C938D5C0065100A /* CFNetwork.framework in Frameworks */ = {isa = PBXBuildFile; fileRef = 32983F901C938D5C0065100A /* CFNetwork.framework */; };
		32983F961C938FD70065100A /* SignUpViewController.m in Sources */ = {isa = PBXBuildFile; fileRef = 32983F941C938FD70065100A /* SignUpViewController.m */; };
		32983F971C938FD70065100A /* SignUpViewController.xib in Resources */ = {isa = PBXBuildFile; fileRef = 32983F951C938FD70065100A /* SignUpViewController.xib */; };
		4FB310AD51C1EAA6B7CEE9B4 /* libPods-EDUITests.a in Frameworks */ = {isa = PBXBuildFile; fileRef = 075A87C2242AC4399F7A4413 /* libPods-EDUITests.a */; };
/* End PBXBuildFile section */

/* Begin PBXContainerItemProxy section */
		32425FC61C8D18A000C304D7 /* PBXContainerItemProxy */ = {
			isa = PBXContainerItemProxy;
			containerPortal = 32425FA11C8D18A000C304D7 /* Project object */;
			proxyType = 1;
			remoteGlobalIDString = 32425FA81C8D18A000C304D7;
			remoteInfo = ED;
		};
		32425FD11C8D18A000C304D7 /* PBXContainerItemProxy */ = {
			isa = PBXContainerItemProxy;
			containerPortal = 32425FA11C8D18A000C304D7 /* Project object */;
			proxyType = 1;
			remoteGlobalIDString = 32425FA81C8D18A000C304D7;
			remoteInfo = ED;
		};
/* End PBXContainerItemProxy section */

/* Begin PBXFileReference section */
		075A87C2242AC4399F7A4413 /* libPods-EDUITests.a */ = {isa = PBXFileReference; explicitFileType = archive.ar; includeInIndex = 0; path = "libPods-EDUITests.a"; sourceTree = BUILT_PRODUCTS_DIR; };
		1F104A3CE9A13CF45AB6C7A3 /* Pods-ED.debug.xcconfig */ = {isa = PBXFileReference; includeInIndex = 1; lastKnownFileType = text.xcconfig; name = "Pods-ED.debug.xcconfig"; path = "Pods/Target Support Files/Pods-ED/Pods-ED.debug.xcconfig"; sourceTree = "<group>"; };
		32425FA91C8D18A000C304D7 /* ED.app */ = {isa = PBXFileReference; explicitFileType = wrapper.application; includeInIndex = 0; path = ED.app; sourceTree = BUILT_PRODUCTS_DIR; };
		32425FAD1C8D18A000C304D7 /* main.m */ = {isa = PBXFileReference; lastKnownFileType = sourcecode.c.objc; path = main.m; sourceTree = "<group>"; };
		32425FAF1C8D18A000C304D7 /* AppDelegate.h */ = {isa = PBXFileReference; lastKnownFileType = sourcecode.c.h; path = AppDelegate.h; sourceTree = "<group>"; };
		32425FB01C8D18A000C304D7 /* AppDelegate.m */ = {isa = PBXFileReference; lastKnownFileType = sourcecode.c.objc; path = AppDelegate.m; sourceTree = "<group>"; };
		32425FB21C8D18A000C304D7 /* ViewController.h */ = {isa = PBXFileReference; lastKnownFileType = sourcecode.c.h; path = ViewController.h; sourceTree = "<group>"; };
		32425FB31C8D18A000C304D7 /* ViewController.m */ = {isa = PBXFileReference; lastKnownFileType = sourcecode.c.objc; path = ViewController.m; sourceTree = "<group>"; };
		32425FB61C8D18A000C304D7 /* Base */ = {isa = PBXFileReference; lastKnownFileType = file.storyboard; name = Base; path = Base.lproj/Main.storyboard; sourceTree = "<group>"; };
		32425FB91C8D18A000C304D7 /* ED.xcdatamodel */ = {isa = PBXFileReference; lastKnownFileType = wrapper.xcdatamodel; path = ED.xcdatamodel; sourceTree = "<group>"; };
		32425FBB1C8D18A000C304D7 /* Assets.xcassets */ = {isa = PBXFileReference; lastKnownFileType = folder.assetcatalog; path = Assets.xcassets; sourceTree = "<group>"; };
		32425FBE1C8D18A000C304D7 /* Base */ = {isa = PBXFileReference; lastKnownFileType = file.storyboard; name = Base; path = Base.lproj/LaunchScreen.storyboard; sourceTree = "<group>"; };
		32425FC01C8D18A000C304D7 /* Info.plist */ = {isa = PBXFileReference; lastKnownFileType = text.plist.xml; path = Info.plist; sourceTree = "<group>"; };
		32425FC51C8D18A000C304D7 /* EDTests.xctest */ = {isa = PBXFileReference; explicitFileType = wrapper.cfbundle; includeInIndex = 0; path = EDTests.xctest; sourceTree = BUILT_PRODUCTS_DIR; };
		32425FC91C8D18A000C304D7 /* EDTests.m */ = {isa = PBXFileReference; lastKnownFileType = sourcecode.c.objc; path = EDTests.m; sourceTree = "<group>"; };
		32425FCB1C8D18A000C304D7 /* Info.plist */ = {isa = PBXFileReference; lastKnownFileType = text.plist.xml; path = Info.plist; sourceTree = "<group>"; };
		32425FD01C8D18A000C304D7 /* EDUITests.xctest */ = {isa = PBXFileReference; explicitFileType = wrapper.cfbundle; includeInIndex = 0; path = EDUITests.xctest; sourceTree = BUILT_PRODUCTS_DIR; };
		32425FD41C8D18A000C304D7 /* EDUITests.m */ = {isa = PBXFileReference; lastKnownFileType = sourcecode.c.objc; path = EDUITests.m; sourceTree = "<group>"; };
		32425FD61C8D18A000C304D7 /* Info.plist */ = {isa = PBXFileReference; lastKnownFileType = text.plist.xml; path = Info.plist; sourceTree = "<group>"; };
		32425FE21C8D1D0E00C304D7 /* LogoAdobe-2.png */ = {isa = PBXFileReference; lastKnownFileType = image.png; name = "LogoAdobe-2.png"; path = "../../../Downloads/LogoAdobe-2.png"; sourceTree = "<group>"; };
		32425FEA1C8D2E3400C304D7 /* UserProfileViewController.h */ = {isa = PBXFileReference; fileEncoding = 4; lastKnownFileType = sourcecode.c.h; path = UserProfileViewController.h; sourceTree = "<group>"; };
		32425FEB1C8D2E3400C304D7 /* UserProfileViewController.m */ = {isa = PBXFileReference; fileEncoding = 4; lastKnownFileType = sourcecode.c.objc; path = UserProfileViewController.m; sourceTree = "<group>"; };
		32425FEC1C8D2E3400C304D7 /* UserProfileViewController.xib */ = {isa = PBXFileReference; fileEncoding = 4; lastKnownFileType = file.xib; path = UserProfileViewController.xib; sourceTree = "<group>"; };
		32425FEF1C8D2E4900C304D7 /* FeedViewController.h */ = {isa = PBXFileReference; fileEncoding = 4; lastKnownFileType = sourcecode.c.h; path = FeedViewController.h; sourceTree = "<group>"; };
		32425FF01C8D2E4900C304D7 /* FeedViewController.m */ = {isa = PBXFileReference; fileEncoding = 4; lastKnownFileType = sourcecode.c.objc; path = FeedViewController.m; sourceTree = "<group>"; };
		32425FF11C8D2E4900C304D7 /* FeedViewController.xib */ = {isa = PBXFileReference; fileEncoding = 4; lastKnownFileType = file.xib; path = FeedViewController.xib; sourceTree = "<group>"; };
		32425FF41C8D2E6D00C304D7 /* SupportViewController.h */ = {isa = PBXFileReference; fileEncoding = 4; lastKnownFileType = sourcecode.c.h; path = SupportViewController.h; sourceTree = "<group>"; };
		32425FF51C8D2E6D00C304D7 /* SupportViewController.m */ = {isa = PBXFileReference; fileEncoding = 4; lastKnownFileType = sourcecode.c.objc; path = SupportViewController.m; sourceTree = "<group>"; };
		32425FF61C8D2E6D00C304D7 /* SupportViewController.xib */ = {isa = PBXFileReference; fileEncoding = 4; lastKnownFileType = file.xib; path = SupportViewController.xib; sourceTree = "<group>"; };
		32425FF91C8D30CE00C304D7 /* TableCell.xib */ = {isa = PBXFileReference; fileEncoding = 4; lastKnownFileType = file.xib; path = TableCell.xib; sourceTree = "<group>"; };
		32983F8F1C938D5C0065100A /* Accounts.framework */ = {isa = PBXFileReference; lastKnownFileType = wrapper.framework; name = Accounts.framework; path = System/Library/Frameworks/Accounts.framework; sourceTree = SDKROOT; };
		32983F901C938D5C0065100A /* CFNetwork.framework */ = {isa = PBXFileReference; lastKnownFileType = wrapper.framework; name = CFNetwork.framework; path = System/Library/Frameworks/CFNetwork.framework; sourceTree = SDKROOT; };
		32983F931C938FD70065100A /* SignUpViewController.h */ = {isa = PBXFileReference; fileEncoding = 4; lastKnownFileType = sourcecode.c.h; path = SignUpViewController.h; sourceTree = "<group>"; };
		32983F941C938FD70065100A /* SignUpViewController.m */ = {isa = PBXFileReference; fileEncoding = 4; lastKnownFileType = sourcecode.c.objc; path = SignUpViewController.m; sourceTree = "<group>"; };
		32983F951C938FD70065100A /* SignUpViewController.xib */ = {isa = PBXFileReference; fileEncoding = 4; lastKnownFileType = file.xib; path = SignUpViewController.xib; sourceTree = "<group>"; };
		33E63849D16D22A7D47270CE /* Pods-ED.release.xcconfig */ = {isa = PBXFileReference; includeInIndex = 1; lastKnownFileType = text.xcconfig; name = "Pods-ED.release.xcconfig"; path = "Pods/Target Support Files/Pods-ED/Pods-ED.release.xcconfig"; sourceTree = "<group>"; };
		413B63CA2876E5A0B0D6EB07 /* Pods-EDUITests.debug.xcconfig */ = {isa = PBXFileReference; includeInIndex = 1; lastKnownFileType = text.xcconfig; name = "Pods-EDUITests.debug.xcconfig"; path = "Pods/Target Support Files/Pods-EDUITests/Pods-EDUITests.debug.xcconfig"; sourceTree = "<group>"; };
		83ADCDB3A9723987A822041F /* Pods-EDTests.release.xcconfig */ = {isa = PBXFileReference; includeInIndex = 1; lastKnownFileType = text.xcconfig; name = "Pods-EDTests.release.xcconfig"; path = "Pods/Target Support Files/Pods-EDTests/Pods-EDTests.release.xcconfig"; sourceTree = "<group>"; };
		8ADF1861185205E7DE9215C9 /* Pods-EDTests.debug.xcconfig */ = {isa = PBXFileReference; includeInIndex = 1; lastKnownFileType = text.xcconfig; name = "Pods-EDTests.debug.xcconfig"; path = "Pods/Target Support Files/Pods-EDTests/Pods-EDTests.debug.xcconfig"; sourceTree = "<group>"; };
		9CD8260435942DAD2A6E8062 /* Pods-EDUITests.release.xcconfig */ = {isa = PBXFileReference; includeInIndex = 1; lastKnownFileType = text.xcconfig; name = "Pods-EDUITests.release.xcconfig"; path = "Pods/Target Support Files/Pods-EDUITests/Pods-EDUITests.release.xcconfig"; sourceTree = "<group>"; };
		B52A455460D7757C7F326499 /* libPods-ED.a */ = {isa = PBXFileReference; explicitFileType = archive.ar; includeInIndex = 0; path = "libPods-ED.a"; sourceTree = BUILT_PRODUCTS_DIR; };
		C5D239857720BA03186F0829 /* libPods-EDTests.a */ = {isa = PBXFileReference; explicitFileType = archive.ar; includeInIndex = 0; path = "libPods-EDTests.a"; sourceTree = BUILT_PRODUCTS_DIR; };
/* End PBXFileReference section */

/* Begin PBXFrameworksBuildPhase section */
		32425FA61C8D18A000C304D7 /* Frameworks */ = {
			isa = PBXFrameworksBuildPhase;
			buildActionMask = 2147483647;
			files = (
				32983F911C938D5C0065100A /* Accounts.framework in Frameworks */,
				32983F921C938D5C0065100A /* CFNetwork.framework in Frameworks */,
				308082FB761AEF87294370B2 /* libPods-ED.a in Frameworks */,
			);
			runOnlyForDeploymentPostprocessing = 0;
		};
		32425FC21C8D18A000C304D7 /* Frameworks */ = {
			isa = PBXFrameworksBuildPhase;
			buildActionMask = 2147483647;
			files = (
				12042D32A7B32E446EB8FA34 /* libPods-EDTests.a in Frameworks */,
			);
			runOnlyForDeploymentPostprocessing = 0;
		};
		32425FCD1C8D18A000C304D7 /* Frameworks */ = {
			isa = PBXFrameworksBuildPhase;
			buildActionMask = 2147483647;
			files = (
				4FB310AD51C1EAA6B7CEE9B4 /* libPods-EDUITests.a in Frameworks */,
			);
			runOnlyForDeploymentPostprocessing = 0;
		};
/* End PBXFrameworksBuildPhase section */

/* Begin PBXGroup section */
		32425FA01C8D18A000C304D7 = {
			isa = PBXGroup;
			children = (
				32425FAB1C8D18A000C304D7 /* ED */,
				32425FC81C8D18A000C304D7 /* EDTests */,
				32425FD31C8D18A000C304D7 /* EDUITests */,
				32425FAA1C8D18A000C304D7 /* Products */,
				48DA5D13C4B2FF916EA3251A /* Pods */,
				DB53BF9B4C69104FCB73B6E8 /* Frameworks */,
			);
			sourceTree = "<group>";
		};
		32425FAA1C8D18A000C304D7 /* Products */ = {
			isa = PBXGroup;
			children = (
				32425FA91C8D18A000C304D7 /* ED.app */,
				32425FC51C8D18A000C304D7 /* EDTests.xctest */,
				32425FD01C8D18A000C304D7 /* EDUITests.xctest */,
			);
			name = Products;
			sourceTree = "<group>";
		};
		32425FAB1C8D18A000C304D7 /* ED */ = {
			isa = PBXGroup;
			children = (
				32425FE21C8D1D0E00C304D7 /* LogoAdobe-2.png */,
				32425FAF1C8D18A000C304D7 /* AppDelegate.h */,
				32425FB01C8D18A000C304D7 /* AppDelegate.m */,
				32425FB21C8D18A000C304D7 /* ViewController.h */,
				32425FB31C8D18A000C304D7 /* ViewController.m */,
				32425FF91C8D30CE00C304D7 /* TableCell.xib */,
				32425FEA1C8D2E3400C304D7 /* UserProfileViewController.h */,
				32425FEB1C8D2E3400C304D7 /* UserProfileViewController.m */,
				32425FEC1C8D2E3400C304D7 /* UserProfileViewController.xib */,
				32983F931C938FD70065100A /* SignUpViewController.h */,
				32983F941C938FD70065100A /* SignUpViewController.m */,
				32983F951C938FD70065100A /* SignUpViewController.xib */,
				32425FEF1C8D2E4900C304D7 /* FeedViewController.h */,
				32425FF01C8D2E4900C304D7 /* FeedViewController.m */,
				32425FF11C8D2E4900C304D7 /* FeedViewController.xib */,
				32425FF41C8D2E6D00C304D7 /* SupportViewController.h */,
				32425FF51C8D2E6D00C304D7 /* SupportViewController.m */,
				32425FF61C8D2E6D00C304D7 /* SupportViewController.xib */,
				32425FB51C8D18A000C304D7 /* Main.storyboard */,
				32425FBB1C8D18A000C304D7 /* Assets.xcassets */,
				32425FBD1C8D18A000C304D7 /* LaunchScreen.storyboard */,
				32425FC01C8D18A000C304D7 /* Info.plist */,
				32425FB81C8D18A000C304D7 /* ED.xcdatamodeld */,
				32425FAC1C8D18A000C304D7 /* Supporting Files */,
			);
			path = ED;
			sourceTree = "<group>";
		};
		32425FAC1C8D18A000C304D7 /* Supporting Files */ = {
			isa = PBXGroup;
			children = (
				32425FAD1C8D18A000C304D7 /* main.m */,
			);
			name = "Supporting Files";
			sourceTree = "<group>";
		};
		32425FC81C8D18A000C304D7 /* EDTests */ = {
			isa = PBXGroup;
			children = (
				32425FC91C8D18A000C304D7 /* EDTests.m */,
				32425FCB1C8D18A000C304D7 /* Info.plist */,
			);
			path = EDTests;
			sourceTree = "<group>";
		};
		32425FD31C8D18A000C304D7 /* EDUITests */ = {
			isa = PBXGroup;
			children = (
				32425FD41C8D18A000C304D7 /* EDUITests.m */,
				32425FD61C8D18A000C304D7 /* Info.plist */,
			);
			path = EDUITests;
			sourceTree = "<group>";
		};
		48DA5D13C4B2FF916EA3251A /* Pods */ = {
			isa = PBXGroup;
			children = (
				1F104A3CE9A13CF45AB6C7A3 /* Pods-ED.debug.xcconfig */,
				33E63849D16D22A7D47270CE /* Pods-ED.release.xcconfig */,
				8ADF1861185205E7DE9215C9 /* Pods-EDTests.debug.xcconfig */,
				83ADCDB3A9723987A822041F /* Pods-EDTests.release.xcconfig */,
				413B63CA2876E5A0B0D6EB07 /* Pods-EDUITests.debug.xcconfig */,
				9CD8260435942DAD2A6E8062 /* Pods-EDUITests.release.xcconfig */,
			);
			name = Pods;
			sourceTree = "<group>";
		};
		DB53BF9B4C69104FCB73B6E8 /* Frameworks */ = {
			isa = PBXGroup;
			children = (
				32983F8F1C938D5C0065100A /* Accounts.framework */,
				32983F901C938D5C0065100A /* CFNetwork.framework */,
				B52A455460D7757C7F326499 /* libPods-ED.a */,
				C5D239857720BA03186F0829 /* libPods-EDTests.a */,
				075A87C2242AC4399F7A4413 /* libPods-EDUITests.a */,
			);
			name = Frameworks;
			sourceTree = "<group>";
		};
/* End PBXGroup section */

/* Begin PBXNativeTarget section */
		32425FA81C8D18A000C304D7 /* ED */ = {
			isa = PBXNativeTarget;
			buildConfigurationList = 32425FD91C8D18A000C304D7 /* Build configuration list for PBXNativeTarget "ED" */;
			buildPhases = (
				DA9ADA11DDC8738E8D403E91 /* Check Pods Manifest.lock */,
				32425FA51C8D18A000C304D7 /* Sources */,
				32425FA61C8D18A000C304D7 /* Frameworks */,
				32425FA71C8D18A000C304D7 /* Resources */,
				4484D6E81E3846F5E315118B /* Copy Pods Resources */,
			);
			buildRules = (
			);
			dependencies = (
			);
			name = ED;
			productName = ED;
			productReference = 32425FA91C8D18A000C304D7 /* ED.app */;
			productType = "com.apple.product-type.application";
		};
		32425FC41C8D18A000C304D7 /* EDTests */ = {
			isa = PBXNativeTarget;
			buildConfigurationList = 32425FDC1C8D18A000C304D7 /* Build configuration list for PBXNativeTarget "EDTests" */;
			buildPhases = (
				8BBBBC5FC462248B81A9B4E4 /* Check Pods Manifest.lock */,
				32425FC11C8D18A000C304D7 /* Sources */,
				32425FC21C8D18A000C304D7 /* Frameworks */,
				32425FC31C8D18A000C304D7 /* Resources */,
				B480709FA0A23264FF825FBF /* Copy Pods Resources */,
			);
			buildRules = (
			);
			dependencies = (
				32425FC71C8D18A000C304D7 /* PBXTargetDependency */,
			);
			name = EDTests;
			productName = EDTests;
			productReference = 32425FC51C8D18A000C304D7 /* EDTests.xctest */;
			productType = "com.apple.product-type.bundle.unit-test";
		};
		32425FCF1C8D18A000C304D7 /* EDUITests */ = {
			isa = PBXNativeTarget;
			buildConfigurationList = 32425FDF1C8D18A000C304D7 /* Build configuration list for PBXNativeTarget "EDUITests" */;
			buildPhases = (
				487AB9D87F71041379BB4F50 /* Check Pods Manifest.lock */,
				32425FCC1C8D18A000C304D7 /* Sources */,
				32425FCD1C8D18A000C304D7 /* Frameworks */,
				32425FCE1C8D18A000C304D7 /* Resources */,
				C60DD84BFAA7ABA6254C4C94 /* Copy Pods Resources */,
			);
			buildRules = (
			);
			dependencies = (
				32425FD21C8D18A000C304D7 /* PBXTargetDependency */,
			);
			name = EDUITests;
			productName = EDUITests;
			productReference = 32425FD01C8D18A000C304D7 /* EDUITests.xctest */;
			productType = "com.apple.product-type.bundle.ui-testing";
		};
/* End PBXNativeTarget section */

/* Begin PBXProject section */
		32425FA11C8D18A000C304D7 /* Project object */ = {
			isa = PBXProject;
			attributes = {
				LastUpgradeCheck = 0720;
				ORGANIZATIONNAME = manvitha;
				TargetAttributes = {
					32425FA81C8D18A000C304D7 = {
						CreatedOnToolsVersion = 7.2.1;
					};
					32425FC41C8D18A000C304D7 = {
						CreatedOnToolsVersion = 7.2.1;
						TestTargetID = 32425FA81C8D18A000C304D7;
					};
					32425FCF1C8D18A000C304D7 = {
						CreatedOnToolsVersion = 7.2.1;
						TestTargetID = 32425FA81C8D18A000C304D7;
					};
				};
			};
			buildConfigurationList = 32425FA41C8D18A000C304D7 /* Build configuration list for PBXProject "ED" */;
			compatibilityVersion = "Xcode 3.2";
			developmentRegion = English;
			hasScannedForEncodings = 0;
			knownRegions = (
				en,
				Base,
			);
			mainGroup = 32425FA01C8D18A000C304D7;
			productRefGroup = 32425FAA1C8D18A000C304D7 /* Products */;
			projectDirPath = "";
			projectRoot = "";
			targets = (
				32425FA81C8D18A000C304D7 /* ED */,
				32425FC41C8D18A000C304D7 /* EDTests */,
				32425FCF1C8D18A000C304D7 /* EDUITests */,
			);
		};
/* End PBXProject section */

/* Begin PBXResourcesBuildPhase section */
		32425FA71C8D18A000C304D7 /* Resources */ = {
			isa = PBXResourcesBuildPhase;
			buildActionMask = 2147483647;
			files = (
				32425FEE1C8D2E3400C304D7 /* UserProfileViewController.xib in Resources */,
				32425FBF1C8D18A000C304D7 /* LaunchScreen.storyboard in Resources */,
				32425FE31C8D1D0E00C304D7 /* LogoAdobe-2.png in Resources */,
				32425FBC1C8D18A000C304D7 /* Assets.xcassets in Resources */,
				32983F971C938FD70065100A /* SignUpViewController.xib in Resources */,
				32425FF31C8D2E4900C304D7 /* FeedViewController.xib in Resources */,
				32425FF81C8D2E6D00C304D7 /* SupportViewController.xib in Resources */,
				32425FFA1C8D30CE00C304D7 /* TableCell.xib in Resources */,
				32425FB71C8D18A000C304D7 /* Main.storyboard in Resources */,
			);
			runOnlyForDeploymentPostprocessing = 0;
		};
		32425FC31C8D18A000C304D7 /* Resources */ = {
			isa = PBXResourcesBuildPhase;
			buildActionMask = 2147483647;
			files = (
			);
			runOnlyForDeploymentPostprocessing = 0;
		};
		32425FCE1C8D18A000C304D7 /* Resources */ = {
			isa = PBXResourcesBuildPhase;
			buildActionMask = 2147483647;
			files = (
			);
			runOnlyForDeploymentPostprocessing = 0;
		};
/* End PBXResourcesBuildPhase section */

/* Begin PBXShellScriptBuildPhase section */
		4484D6E81E3846F5E315118B /* Copy Pods Resources */ = {
			isa = PBXShellScriptBuildPhase;
			buildActionMask = 2147483647;
			files = (
			);
			inputPaths = (
			);
			name = "Copy Pods Resources";
			outputPaths = (
			);
			runOnlyForDeploymentPostprocessing = 0;
			shellPath = /bin/sh;
			shellScript = "\"${SRCROOT}/Pods/Target Support Files/Pods-ED/Pods-ED-resources.sh\"\n";
			showEnvVarsInLog = 0;
		};
		487AB9D87F71041379BB4F50 /* Check Pods Manifest.lock */ = {
			isa = PBXShellScriptBuildPhase;
			buildActionMask = 2147483647;
			files = (
			);
			inputPaths = (
			);
			name = "Check Pods Manifest.lock";
			outputPaths = (
			);
			runOnlyForDeploymentPostprocessing = 0;
			shellPath = /bin/sh;
			shellScript = "diff \"${PODS_ROOT}/../Podfile.lock\" \"${PODS_ROOT}/Manifest.lock\" > /dev/null\nif [[ $? != 0 ]] ; then\n    cat << EOM\nerror: The sandbox is not in sync with the Podfile.lock. Run 'pod install' or update your CocoaPods installation.\nEOM\n    exit 1\nfi\n";
			showEnvVarsInLog = 0;
		};
		8BBBBC5FC462248B81A9B4E4 /* Check Pods Manifest.lock */ = {
			isa = PBXShellScriptBuildPhase;
			buildActionMask = 2147483647;
			files = (
			);
			inputPaths = (
			);
			name = "Check Pods Manifest.lock";
			outputPaths = (
			);
			runOnlyForDeploymentPostprocessing = 0;
			shellPath = /bin/sh;
			shellScript = "diff \"${PODS_ROOT}/../Podfile.lock\" \"${PODS_ROOT}/Manifest.lock\" > /dev/null\nif [[ $? != 0 ]] ; then\n    cat << EOM\nerror: The sandbox is not in sync with the Podfile.lock. Run 'pod install' or update your CocoaPods installation.\nEOM\n    exit 1\nfi\n";
			showEnvVarsInLog = 0;
		};
		B480709FA0A23264FF825FBF /* Copy Pods Resources */ = {
			isa = PBXShellScriptBuildPhase;
			buildActionMask = 2147483647;
			files = (
			);
			inputPaths = (
			);
			name = "Copy Pods Resources";
			outputPaths = (
			);
			runOnlyForDeploymentPostprocessing = 0;
			shellPath = /bin/sh;
			shellScript = "\"${SRCROOT}/Pods/Target Support Files/Pods-EDTests/Pods-EDTests-resources.sh\"\n";
			showEnvVarsInLog = 0;
		};
		C60DD84BFAA7ABA6254C4C94 /* Copy Pods Resources */ = {
			isa = PBXShellScriptBuildPhase;
			buildActionMask = 2147483647;
			files = (
			);
			inputPaths = (
			);
			name = "Copy Pods Resources";
			outputPaths = (
			);
			runOnlyForDeploymentPostprocessing = 0;
			shellPath = /bin/sh;
			shellScript = "\"${SRCROOT}/Pods/Target Support Files/Pods-EDUITests/Pods-EDUITests-resources.sh\"\n";
			showEnvVarsInLog = 0;
		};
		DA9ADA11DDC8738E8D403E91 /* Check Pods Manifest.lock */ = {
			isa = PBXShellScriptBuildPhase;
			buildActionMask = 2147483647;
			files = (
			);
			inputPaths = (
			);
			name = "Check Pods Manifest.lock";
			outputPaths = (
			);
			runOnlyForDeploymentPostprocessing = 0;
			shellPath = /bin/sh;
			shellScript = "diff \"${PODS_ROOT}/../Podfile.lock\" \"${PODS_ROOT}/Manifest.lock\" > /dev/null\nif [[ $? != 0 ]] ; then\n    cat << EOM\nerror: The sandbox is not in sync with the Podfile.lock. Run 'pod install' or update your CocoaPods installation.\nEOM\n    exit 1\nfi\n";
			showEnvVarsInLog = 0;
		};
/* End PBXShellScriptBuildPhase section */

/* Begin PBXSourcesBuildPhase section */
		32425FA51C8D18A000C304D7 /* Sources */ = {
			isa = PBXSourcesBuildPhase;
			buildActionMask = 2147483647;
			files = (
				32425FED1C8D2E3400C304D7 /* UserProfileViewController.m in Sources */,
				32425FBA1C8D18A000C304D7 /* ED.xcdatamodeld in Sources */,
				32425FB41C8D18A000C304D7 /* ViewController.m in Sources */,
				32425FF71C8D2E6D00C304D7 /* SupportViewController.m in Sources */,
				32425FB11C8D18A000C304D7 /* AppDelegate.m in Sources */,
				32425FF21C8D2E4900C304D7 /* FeedViewController.m in Sources */,
				32983F961C938FD70065100A /* SignUpViewController.m in Sources */,
				32425FAE1C8D18A000C304D7 /* main.m in Sources */,
			);
			runOnlyForDeploymentPostprocessing = 0;
		};
		32425FC11C8D18A000C304D7 /* Sources */ = {
			isa = PBXSourcesBuildPhase;
			buildActionMask = 2147483647;
			files = (
				32425FCA1C8D18A000C304D7 /* EDTests.m in Sources */,
			);
			runOnlyForDeploymentPostprocessing = 0;
		};
		32425FCC1C8D18A000C304D7 /* Sources */ = {
			isa = PBXSourcesBuildPhase;
			buildActionMask = 2147483647;
			files = (
				32425FD51C8D18A000C304D7 /* EDUITests.m in Sources */,
			);
			runOnlyForDeploymentPostprocessing = 0;
		};
/* End PBXSourcesBuildPhase section */

/* Begin PBXTargetDependency section */
		32425FC71C8D18A000C304D7 /* PBXTargetDependency */ = {
			isa = PBXTargetDependency;
			target = 32425FA81C8D18A000C304D7 /* ED */;
			targetProxy = 32425FC61C8D18A000C304D7 /* PBXContainerItemProxy */;
		};
		32425FD21C8D18A000C304D7 /* PBXTargetDependency */ = {
			isa = PBXTargetDependency;
			target = 32425FA81C8D18A000C304D7 /* ED */;
			targetProxy = 32425FD11C8D18A000C304D7 /* PBXContainerItemProxy */;
		};
/* End PBXTargetDependency section */

/* Begin PBXVariantGroup section */
		32425FB51C8D18A000C304D7 /* Main.storyboard */ = {
			isa = PBXVariantGroup;
			children = (
				32425FB61C8D18A000C304D7 /* Base */,
			);
			name = Main.storyboard;
			sourceTree = "<group>";
		};
		32425FBD1C8D18A000C304D7 /* LaunchScreen.storyboard */ = {
			isa = PBXVariantGroup;
			children = (
				32425FBE1C8D18A000C304D7 /* Base */,
			);
			name = LaunchScreen.storyboard;
			sourceTree = "<group>";
		};
/* End PBXVariantGroup section */

/* Begin XCBuildConfiguration section */
		32425FD71C8D18A000C304D7 /* Debug */ = {
			isa = XCBuildConfiguration;
			buildSettings = {
				ALWAYS_SEARCH_USER_PATHS = NO;
				CLANG_CXX_LANGUAGE_STANDARD = "gnu++0x";
				CLANG_CXX_LIBRARY = "libc++";
				CLANG_ENABLE_MODULES = YES;
				CLANG_ENABLE_OBJC_ARC = YES;
				CLANG_WARN_BOOL_CONVERSION = YES;
				CLANG_WARN_CONSTANT_CONVERSION = YES;
				CLANG_WARN_DIRECT_OBJC_ISA_USAGE = YES_ERROR;
				CLANG_WARN_EMPTY_BODY = YES;
				CLANG_WARN_ENUM_CONVERSION = YES;
				CLANG_WARN_INT_CONVERSION = YES;
				CLANG_WARN_OBJC_ROOT_CLASS = YES_ERROR;
				CLANG_WARN_UNREACHABLE_CODE = YES;
				CLANG_WARN__DUPLICATE_METHOD_MATCH = YES;
				"CODE_SIGN_IDENTITY[sdk=iphoneos*]" = "iPhone Developer";
				COPY_PHASE_STRIP = NO;
				DEBUG_INFORMATION_FORMAT = dwarf;
				ENABLE_STRICT_OBJC_MSGSEND = YES;
				ENABLE_TESTABILITY = YES;
				GCC_C_LANGUAGE_STANDARD = gnu99;
				GCC_DYNAMIC_NO_PIC = NO;
				GCC_NO_COMMON_BLOCKS = YES;
				GCC_OPTIMIZATION_LEVEL = 0;
				GCC_PREPROCESSOR_DEFINITIONS = (
					"DEBUG=1",
					"$(inherited)",
				);
				GCC_WARN_64_TO_32_BIT_CONVERSION = YES;
				GCC_WARN_ABOUT_RETURN_TYPE = YES_ERROR;
				GCC_WARN_UNDECLARED_SELECTOR = YES;
				GCC_WARN_UNINITIALIZED_AUTOS = YES_AGGRESSIVE;
				GCC_WARN_UNUSED_FUNCTION = YES;
				GCC_WARN_UNUSED_VARIABLE = YES;
				IPHONEOS_DEPLOYMENT_TARGET = 9.2;
				MTL_ENABLE_DEBUG_INFO = YES;
				ONLY_ACTIVE_ARCH = YES;
				SDKROOT = iphoneos;
			};
			name = Debug;
		};
		32425FD81C8D18A000C304D7 /* Release */ = {
			isa = XCBuildConfiguration;
			buildSettings = {
				ALWAYS_SEARCH_USER_PATHS = NO;
				CLANG_CXX_LANGUAGE_STANDARD = "gnu++0x";
				CLANG_CXX_LIBRARY = "libc++";
				CLANG_ENABLE_MODULES = YES;
				CLANG_ENABLE_OBJC_ARC = YES;
				CLANG_WARN_BOOL_CONVERSION = YES;
				CLANG_WARN_CONSTANT_CONVERSION = YES;
				CLANG_WARN_DIRECT_OBJC_ISA_USAGE = YES_ERROR;
				CLANG_WARN_EMPTY_BODY = YES;
				CLANG_WARN_ENUM_CONVERSION = YES;
				CLANG_WARN_INT_CONVERSION = YES;
				CLANG_WARN_OBJC_ROOT_CLASS = YES_ERROR;
				CLANG_WARN_UNREACHABLE_CODE = YES;
				CLANG_WARN__DUPLICATE_METHOD_MATCH = YES;
				"CODE_SIGN_IDENTITY[sdk=iphoneos*]" = "iPhone Developer";
				COPY_PHASE_STRIP = NO;
				DEBUG_INFORMATION_FORMAT = "dwarf-with-dsym";
				ENABLE_NS_ASSERTIONS = NO;
				ENABLE_STRICT_OBJC_MSGSEND = YES;
				GCC_C_LANGUAGE_STANDARD = gnu99;
				GCC_NO_COMMON_BLOCKS = YES;
				GCC_WARN_64_TO_32_BIT_CONVERSION = YES;
				GCC_WARN_ABOUT_RETURN_TYPE = YES_ERROR;
				GCC_WARN_UNDECLARED_SELECTOR = YES;
				GCC_WARN_UNINITIALIZED_AUTOS = YES_AGGRESSIVE;
				GCC_WARN_UNUSED_FUNCTION = YES;
				GCC_WARN_UNUSED_VARIABLE = YES;
				IPHONEOS_DEPLOYMENT_TARGET = 9.2;
				MTL_ENABLE_DEBUG_INFO = NO;
				SDKROOT = iphoneos;
				VALIDATE_PRODUCT = YES;
			};
			name = Release;
		};
		32425FDA1C8D18A000C304D7 /* Debug */ = {
			isa = XCBuildConfiguration;
			baseConfigurationReference = 1F104A3CE9A13CF45AB6C7A3 /* Pods-ED.debug.xcconfig */;
			buildSettings = {
				ASSETCATALOG_COMPILER_APPICON_NAME = AppIcon;
				INFOPLIST_FILE = ED/Info.plist;
				LD_RUNPATH_SEARCH_PATHS = "$(inherited) @executable_path/Frameworks";
				PRODUCT_BUNDLE_IDENTIFIER = com.manvithaponnapati.ED;
				PRODUCT_NAME = "$(TARGET_NAME)";
			};
			name = Debug;
		};
		32425FDB1C8D18A000C304D7 /* Release */ = {
			isa = XCBuildConfiguration;
			baseConfigurationReference = 33E63849D16D22A7D47270CE /* Pods-ED.release.xcconfig */;
			buildSettings = {
				ASSETCATALOG_COMPILER_APPICON_NAME = AppIcon;
				INFOPLIST_FILE = ED/Info.plist;
				LD_RUNPATH_SEARCH_PATHS = "$(inherited) @executable_path/Frameworks";
				PRODUCT_BUNDLE_IDENTIFIER = com.manvithaponnapati.ED;
				PRODUCT_NAME = "$(TARGET_NAME)";
			};
			name = Release;
		};
		32425FDD1C8D18A000C304D7 /* Debug */ = {
			isa = XCBuildConfiguration;
			baseConfigurationReference = 8ADF1861185205E7DE9215C9 /* Pods-EDTests.debug.xcconfig */;
			buildSettings = {
				BUNDLE_LOADER = "$(TEST_HOST)";
				INFOPLIST_FILE = EDTests/Info.plist;
				LD_RUNPATH_SEARCH_PATHS = "$(inherited) @executable_path/Frameworks @loader_path/Frameworks";
				PRODUCT_BUNDLE_IDENTIFIER = com.manvithaponnapati.EDTests;
				PRODUCT_NAME = "$(TARGET_NAME)";
				TEST_HOST = "$(BUILT_PRODUCTS_DIR)/ED.app/ED";
			};
			name = Debug;
		};
		32425FDE1C8D18A000C304D7 /* Release */ = {
			isa = XCBuildConfiguration;
			baseConfigurationReference = 83ADCDB3A9723987A822041F /* Pods-EDTests.release.xcconfig */;
			buildSettings = {
				BUNDLE_LOADER = "$(TEST_HOST)";
				INFOPLIST_FILE = EDTests/Info.plist;
				LD_RUNPATH_SEARCH_PATHS = "$(inherited) @executable_path/Frameworks @loader_path/Frameworks";
				PRODUCT_BUNDLE_IDENTIFIER = com.manvithaponnapati.EDTests;
				PRODUCT_NAME = "$(TARGET_NAME)";
				TEST_HOST = "$(BUILT_PRODUCTS_DIR)/ED.app/ED";
			};
			name = Release;
		};
		32425FE01C8D18A000C304D7 /* Debug */ = {
			isa = XCBuildConfiguration;
			baseConfigurationReference = 413B63CA2876E5A0B0D6EB07 /* Pods-EDUITests.debug.xcconfig */;
			buildSettings = {
				INFOPLIST_FILE = EDUITests/Info.plist;
				LD_RUNPATH_SEARCH_PATHS = "$(inherited) @executable_path/Frameworks @loader_path/Frameworks";
				PRODUCT_BUNDLE_IDENTIFIER = com.manvithaponnapati.EDUITests;
				PRODUCT_NAME = "$(TARGET_NAME)";
				TEST_TARGET_NAME = ED;
				USES_XCTRUNNER = YES;
			};
			name = Debug;
		};
		32425FE11C8D18A000C304D7 /* Release */ = {
			isa = XCBuildConfiguration;
			baseConfigurationReference = 9CD8260435942DAD2A6E8062 /* Pods-EDUITests.release.xcconfig */;
			buildSettings = {
				INFOPLIST_FILE = EDUITests/Info.plist;
				LD_RUNPATH_SEARCH_PATHS = "$(inherited) @executable_path/Frameworks @loader_path/Frameworks";
				PRODUCT_BUNDLE_IDENTIFIER = com.manvithaponnapati.EDUITests;
				PRODUCT_NAME = "$(TARGET_NAME)";
				TEST_TARGET_NAME = ED;
				USES_XCTRUNNER = YES;
			};
			name = Release;
		};
/* End XCBuildConfiguration section */

/* Begin XCConfigurationList section */
		32425FA41C8D18A000C304D7 /* Build configuration list for PBXProject "ED" */ = {
			isa = XCConfigurationList;
			buildConfigurations = (
				32425FD71C8D18A000C304D7 /* Debug */,
				32425FD81C8D18A000C304D7 /* Release */,
			);
			defaultConfigurationIsVisible = 0;
			defaultConfigurationName = Release;
		};
		32425FD91C8D18A000C304D7 /* Build configuration list for PBXNativeTarget "ED" */ = {
			isa = XCConfigurationList;
			buildConfigurations = (
				32425FDA1C8D18A000C304D7 /* Debug */,
				32425FDB1C8D18A000C304D7 /* Release */,
			);
			defaultConfigurationIsVisible = 0;
			defaultConfigurationName = Release;
		};
		32425FDC1C8D18A000C304D7 /* Build configuration list for PBXNativeTarget "EDTests" */ = {
			isa = XCConfigurationList;
			buildConfigurations = (
				32425FDD1C8D18A000C304D7 /* Debug */,
				32425FDE1C8D18A000C304D7 /* Release */,
			);
			defaultConfigurationIsVisible = 0;
			defaultConfigurationName = Release;
		};
		32425FDF1C8D18A000C304D7 /* Build configuration list for PBXNativeTarget "EDUITests" */ = {
			isa = XCConfigurationList;
			buildConfigurations = (
				32425FE01C8D18A000C304D7 /* Debug */,
				32425FE11C8D18A000C304D7 /* Release */,
			);
			defaultConfigurationIsVisible = 0;
			defaultConfigurationName = Release;
		};
/* End XCConfigurationList section */

/* Begin XCVersionGroup section */
		32425FB81C8D18A000C304D7 /* ED.xcdatamodeld */ = {
			isa = XCVersionGroup;
			children = (
				32425FB91C8D18A000C304D7 /* ED.xcdatamodel */,
			);
			currentVersion = 32425FB91C8D18A000C304D7 /* ED.xcdatamodel */;
			path = ED.xcdatamodeld;
			sourceTree = "<group>";
			versionGroupType = wrapper.xcdatamodel;
		};
/* End XCVersionGroup section */
	};
	rootObject = 32425FA11C8D18A000C304D7 /* Project object */;
}
